
Microsoft Visual Studio Solution File, Format Version 12.00
# Visual Studio Version 17
VisualStudioVersion = 17.11.35303.130
MinimumVisualStudioVersion = 10.0.40219.1
Project("{2150E333-8FDC-42A3-9474-1A3956D46DE8}") = "Task0", "Task0", "{2AC5ED4F-4799-4938-B198-BE6747F81BC6}"
EndProject
Project("{2150E333-8FDC-42A3-9474-1A3956D46DE8}") = "Task1", "Task1", "{D80D071E-82A3-4FB7-AAEF-0D726AFB1A91}"
EndProject
Project("{2150E333-8FDC-42A3-9474-1A3956D46DE8}") = "Task2", "Task2", "{AD722E1D-8291-4BB6-BB3E-D005AA6CDD8E}"
EndProject
Project("{2150E333-8FDC-42A3-9474-1A3956D46DE8}") = "Task3", "Task3", "{5FC110A2-7C0F-4EF6-8B12-9EF537E07D1B}"
EndProject
Project("{FAE04EC0-301F-11D3-BF4B-00C04F79EFBC}") = "Tyuiu.GubanovaSO.Sprint4.Task0.V18", "Tyuiu.GubanovaSO.Sprint4.Task0.V18\Tyuiu.GubanovaSO.Sprint4.Task0.V18.csproj", "{E72E4BF5-8DDF-477C-8D97-7FBC94EB680D}"
EndProject
Project("{FAE04EC0-301F-11D3-BF4B-00C04F79EFBC}") = "Tyuiu.GubanovaSO.Sprint4.Task0.V18.Lib", "Tyuiu.GubanovaSO.Sprint4.Task0.V18.Lib\Tyuiu.GubanovaSO.Sprint4.Task0.V18.Lib.csproj", "{797F05E1-72F7-4F85-94C4-7F40DD8BF68E}"
EndProject
Project("{FAE04EC0-301F-11D3-BF4B-00C04F79EFBC}") = "Tyuiu.GubanovaSO.Sprint4.Task0.V18.Test", "Tyuiu.GubanovaSO.Sprint4.Task0.V18.Test\Tyuiu.GubanovaSO.Sprint4.Task0.V18.Test.csproj", "{3ECBE4C5-1D33-43DA-A46A-3E51D4584FE6}"
EndProject
Project("{FAE04EC0-301F-11D3-BF4B-00C04F79EFBC}") = "Tyuiu.GubanovaSO.Sprint4.Task1.V26", "Tyuiu.GubanovaSO.Sprint4.Task1.V26\Tyuiu.GubanovaSO.Sprint4.Task1.V26.csproj", "{DD8583C3-B579-4499-A6E5-BCB3084EB2E3}"
EndProject
Project("{FAE04EC0-301F-11D3-BF4B-00C04F79EFBC}") = "Tyuiu.GubanovaSO.Sprint4.Task1.V26.Test", "Tyuiu.GubanovaSO.Sprint4.Task1.V26.Test\Tyuiu.GubanovaSO.Sprint4.Task1.V26.Test.csproj", "{796E0488-821C-42CE-976F-83BF755F563D}"
EndProject
Project("{FAE04EC0-301F-11D3-BF4B-00C04F79EFBC}") = "Tyuiu.GubanovaSO.Sprint4.Task1.V26.Lib", "Tyuiu.GubanovaSO.Sprint4.Task1.V26.Lib\Tyuiu.GubanovaSO.Sprint4.Task1.V26.Lib.csproj", "{C05850F1-E396-4655-9E86-F2EA51AE198F}"
EndProject
Project("{FAE04EC0-301F-11D3-BF4B-00C04F79EFBC}") = "Tyuiu.GubanovaSO.Sprint4.Task2.V25.Lib", "Tyuiu.GubanovaSO.Sprint4.Task2.V25.Lib\Tyuiu.GubanovaSO.Sprint4.Task2.V25.Lib.csproj", "{7A06AC31-4A50-4764-A817-D863E4D1BD3C}"
EndProject
Project("{FAE04EC0-301F-11D3-BF4B-00C04F79EFBC}") = "Tyuiu.GubanovaSO.Sprint4.Task2.V25.Test", "Tyuiu.GubanovaSO.Sprint4.Task2.V25.Test\Tyuiu.GubanovaSO.Sprint4.Task2.V25.Test.csproj", "{B81735B7-BD5F-4390-BF93-121D8BF710A4}"
EndProject
Project("{FAE04EC0-301F-11D3-BF4B-00C04F79EFBC}") = "Tyuiu.GubanovaSO.Sprint4.Task2.V25", "Tyuiu.GubanovaSO.Sprint4.Task2.V25\Tyuiu.GubanovaSO.Sprint4.Task2.V25.csproj", "{A68CDF4F-DD4D-4A95-9A58-FA2E1D309036}"
EndProject
Project("{2150E333-8FDC-42A3-9474-1A3956D46DE8}") = "Task4", "Task4", "{18321AA1-BA48-4A5F-A934-C7E0B51066C7}"
EndProject
Project("{2150E333-8FDC-42A3-9474-1A3956D46DE8}") = "Task5", "Task5", "{E2D34E74-3BA5-4D24-A24D-149A186FC6AF}"
EndProject
Project("{2150E333-8FDC-42A3-9474-1A3956D46DE8}") = "Task6", "Task6", "{D3A2368A-0D38-436D-BC36-AFFD32DE425F}"
EndProject
Project("{2150E333-8FDC-42A3-9474-1A3956D46DE8}") = "Task7", "Task7", "{A881B2E6-F475-49C9-92F6-4FBFD8B0715D}"
EndProject
Project("{FAE04EC0-301F-11D3-BF4B-00C04F79EFBC}") = "Tyuiu.GubanovaSO.Sprint4.Task3.V30", "Tyuiu.GubanovaSO.Sprint4.Task3.V30\Tyuiu.GubanovaSO.Sprint4.Task3.V30.csproj", "{CB281CE5-306F-40A2-A152-F2A01D66BA1A}"
EndProject
Project("{FAE04EC0-301F-11D3-BF4B-00C04F79EFBC}") = "Tyuiu.GubanovaSO.Sprint4.Task3.V30.Test", "Tyuiu.GubanovaSO.Sprint4.Task3.V30.Test\Tyuiu.GubanovaSO.Sprint4.Task3.V30.Test.csproj", "{5E88430A-B078-4606-948E-590DFBEB8C69}"
EndProject
Project("{FAE04EC0-301F-11D3-BF4B-00C04F79EFBC}") = "Tyuiu.GubanovaSO.Sprint4.Task3.V30.Lib", "Tyuiu.GubanovaSO.Sprint4.Task3.V30.Lib\Tyuiu.GubanovaSO.Sprint4.Task3.V30.Lib.csproj", "{67B535AA-F75E-46AC-B68D-AB5BA01CC742}"
EndProject
Project("{FAE04EC0-301F-11D3-BF4B-00C04F79EFBC}") = "Tyuiu.GubanovaSO.Sprint4.Task4.V24.Lib", "Tyuiu.GubanovaSO.Sprint4.Task4.V24.Lib\Tyuiu.GubanovaSO.Sprint4.Task4.V24.Lib.csproj", "{88AD2329-ACE8-4596-BA85-D27E5C7274A1}"
EndProject
Project("{FAE04EC0-301F-11D3-BF4B-00C04F79EFBC}") = "Tyuiu.GubanovaSO.Sprint4.Task4.V24.Test", "Tyuiu.GubanovaSO.Sprint4.Task4.V24.Test\Tyuiu.GubanovaSO.Sprint4.Task4.V24.Test.csproj", "{A53C1E70-D2F0-4BCD-A04C-9ED378469E09}"
EndProject
Project("{FAE04EC0-301F-11D3-BF4B-00C04F79EFBC}") = "Tyuiu.GubanovaSO.Sprint4.Task4.V24", "Tyuiu.GubanovaSO.Sprint4.Task4.V24\Tyuiu.GubanovaSO.Sprint4.Task4.V24.csproj", "{2EF7B898-DFC1-47E5-9FD9-AE59F373D814}"
EndProject
Project("{FAE04EC0-301F-11D3-BF4B-00C04F79EFBC}") = "Tyuiu.GubanovaSO.Sprint4.Task5.V12", "Tyuiu.GubanovaSO.Sprint4.Task5.V12\Tyuiu.GubanovaSO.Sprint4.Task5.V12.csproj", "{41EAC389-7CB2-4A39-B4AF-4D482965C3DE}"
EndProject
Project("{FAE04EC0-301F-11D3-BF4B-00C04F79EFBC}") = "Tyuiu.GubanovaSO.Sprint4.Task5.V12.Test", "Tyuiu.GubanovaSO.Sprint4.Task5.V12.Test\Tyuiu.GubanovaSO.Sprint4.Task5.V12.Test.csproj", "{8AFC236E-5E12-4A9F-8B10-366B4D184C5E}"
EndProject
Project("{FAE04EC0-301F-11D3-BF4B-00C04F79EFBC}") = "Tyuiu.GubanovaSO.Sprint4.Task5.V12.Lib", "Tyuiu.GubanovaSO.Sprint4.Task5.V12.Lib\Tyuiu.GubanovaSO.Sprint4.Task5.V12.Lib.csproj", "{8EA7B3DC-6AF1-4C14-BCFC-EE1E17D92A94}"
EndProject
Project("{FAE04EC0-301F-11D3-BF4B-00C04F79EFBC}") = "Tyuiu.GubanovaSO.Sprint4.Task6.V2.Lib", "Tyuiu.GubanovaSO.Sprint4.Task6.V2.Lib\Tyuiu.GubanovaSO.Sprint4.Task6.V2.Lib.csproj", "{9E93EEF5-2A07-4B18-9ABB-11B50E9E60DB}"
EndProject
Project("{FAE04EC0-301F-11D3-BF4B-00C04F79EFBC}") = "Tyuiu.GubanovaSO.Sprint4.Task6.V2.Test", "Tyuiu.GubanovaSO.Sprint4.Task6.V2.Test\Tyuiu.GubanovaSO.Sprint4.Task6.V2.Test.csproj", "{1B73FCEF-3B91-476A-AFBD-B069A52A9E5C}"
EndProject
Project("{FAE04EC0-301F-11D3-BF4B-00C04F79EFBC}") = "Tyuiu.GubanovaSO.Sprint4.Task6.V2", "Tyuiu.GubanovaSO.Sprint4.Task6.V2\Tyuiu.GubanovaSO.Sprint4.Task6.V2.csproj", "{52D8B5F9-DADE-4383-A833-BFA5088B02E1}"
EndProject
Project("{FAE04EC0-301F-11D3-BF4B-00C04F79EFBC}") = "Tyuiu.GubanovaSO.Sprint4.Task7.V22", "Tyuiu.GubanovaSO.Sprint4.Task7.V22\Tyuiu.GubanovaSO.Sprint4.Task7.V22.csproj", "{70235695-AD23-40C6-BC47-B238D7D3085C}"
EndProject
Project("{FAE04EC0-301F-11D3-BF4B-00C04F79EFBC}") = "Tyuiu.GubanovaSO.Sprint4.Task7.V22.Test", "Tyuiu.GubanovaSO.Sprint4.Task7.V22.Test\Tyuiu.GubanovaSO.Sprint4.Task7.V22.Test.csproj", "{34DAD651-9A39-4F05-B9C3-AC43CF80406D}"
EndProject
Project("{FAE04EC0-301F-11D3-BF4B-00C04F79EFBC}") = "Tyuiu.GubanovaSO.Sprint4.Task7.V22.Lib", "Tyuiu.GubanovaSO.Sprint4.Task7.V22.Lib\Tyuiu.GubanovaSO.Sprint4.Task7.V22.Lib.csproj", "{6416ACF5-FAAA-4D99-A82D-F9EA61D13161}"
EndProject
Global
	GlobalSection(SolutionConfigurationPlatforms) = preSolution
		Debug|Any CPU = Debug|Any CPU
		Release|Any CPU = Release|Any CPU
	EndGlobalSection
	GlobalSection(ProjectConfigurationPlatforms) = postSolution
		{E72E4BF5-8DDF-477C-8D97-7FBC94EB680D}.Debug|Any CPU.ActiveCfg = Debug|Any CPU
		{E72E4BF5-8DDF-477C-8D97-7FBC94EB680D}.Debug|Any CPU.Build.0 = Debug|Any CPU
		{E72E4BF5-8DDF-477C-8D97-7FBC94EB680D}.Release|Any CPU.ActiveCfg = Release|Any CPU
		{E72E4BF5-8DDF-477C-8D97-7FBC94EB680D}.Release|Any CPU.Build.0 = Release|Any CPU
		{797F05E1-72F7-4F85-94C4-7F40DD8BF68E}.Debug|Any CPU.ActiveCfg = Debug|Any CPU
		{797F05E1-72F7-4F85-94C4-7F40DD8BF68E}.Debug|Any CPU.Build.0 = Debug|Any CPU
		{797F05E1-72F7-4F85-94C4-7F40DD8BF68E}.Release|Any CPU.ActiveCfg = Release|Any CPU
		{797F05E1-72F7-4F85-94C4-7F40DD8BF68E}.Release|Any CPU.Build.0 = Release|Any CPU
		{3ECBE4C5-1D33-43DA-A46A-3E51D4584FE6}.Debug|Any CPU.ActiveCfg = Debug|Any CPU
		{3ECBE4C5-1D33-43DA-A46A-3E51D4584FE6}.Debug|Any CPU.Build.0 = Debug|Any CPU
		{3ECBE4C5-1D33-43DA-A46A-3E51D4584FE6}.Release|Any CPU.ActiveCfg = Release|Any CPU
		{3ECBE4C5-1D33-43DA-A46A-3E51D4584FE6}.Release|Any CPU.Build.0 = Release|Any CPU
		{DD8583C3-B579-4499-A6E5-BCB3084EB2E3}.Debug|Any CPU.ActiveCfg = Debug|Any CPU
		{DD8583C3-B579-4499-A6E5-BCB3084EB2E3}.Debug|Any CPU.Build.0 = Debug|Any CPU
		{DD8583C3-B579-4499-A6E5-BCB3084EB2E3}.Release|Any CPU.ActiveCfg = Release|Any CPU
		{DD8583C3-B579-4499-A6E5-BCB3084EB2E3}.Release|Any CPU.Build.0 = Release|Any CPU
		{796E0488-821C-42CE-976F-83BF755F563D}.Debug|Any CPU.ActiveCfg = Debug|Any CPU
		{796E0488-821C-42CE-976F-83BF755F563D}.Debug|Any CPU.Build.0 = Debug|Any CPU
		{796E0488-821C-42CE-976F-83BF755F563D}.Release|Any CPU.ActiveCfg = Release|Any CPU
		{796E0488-821C-42CE-976F-83BF755F563D}.Release|Any CPU.Build.0 = Release|Any CPU
		{C05850F1-E396-4655-9E86-F2EA51AE198F}.Debug|Any CPU.ActiveCfg = Debug|Any CPU
		{C05850F1-E396-4655-9E86-F2EA51AE198F}.Debug|Any CPU.Build.0 = Debug|Any CPU
		{C05850F1-E396-4655-9E86-F2EA51AE198F}.Release|Any CPU.ActiveCfg = Release|Any CPU
		{C05850F1-E396-4655-9E86-F2EA51AE198F}.Release|Any CPU.Build.0 = Release|Any CPU
		{7A06AC31-4A50-4764-A817-D863E4D1BD3C}.Debug|Any CPU.ActiveCfg = Debug|Any CPU
		{7A06AC31-4A50-4764-A817-D863E4D1BD3C}.Debug|Any CPU.Build.0 = Debug|Any CPU
		{7A06AC31-4A50-4764-A817-D863E4D1BD3C}.Release|Any CPU.ActiveCfg = Release|Any CPU
		{7A06AC31-4A50-4764-A817-D863E4D1BD3C}.Release|Any CPU.Build.0 = Release|Any CPU
		{B81735B7-BD5F-4390-BF93-121D8BF710A4}.Debug|Any CPU.ActiveCfg = Debug|Any CPU
		{B81735B7-BD5F-4390-BF93-121D8BF710A4}.Debug|Any CPU.Build.0 = Debug|Any CPU
		{B81735B7-BD5F-4390-BF93-121D8BF710A4}.Release|Any CPU.ActiveCfg = Release|Any CPU
		{B81735B7-BD5F-4390-BF93-121D8BF710A4}.Release|Any CPU.Build.0 = Release|Any CPU
		{A68CDF4F-DD4D-4A95-9A58-FA2E1D309036}.Debug|Any CPU.ActiveCfg = Debug|Any CPU
		{A68CDF4F-DD4D-4A95-9A58-FA2E1D309036}.Debug|Any CPU.Build.0 = Debug|Any CPU
		{A68CDF4F-DD4D-4A95-9A58-FA2E1D309036}.Release|Any CPU.ActiveCfg = Release|Any CPU
		{A68CDF4F-DD4D-4A95-9A58-FA2E1D309036}.Release|Any CPU.Build.0 = Release|Any CPU
		{CB281CE5-306F-40A2-A152-F2A01D66BA1A}.Debug|Any CPU.ActiveCfg = Debug|Any CPU
		{CB281CE5-306F-40A2-A152-F2A01D66BA1A}.Debug|Any CPU.Build.0 = Debug|Any CPU
		{CB281CE5-306F-40A2-A152-F2A01D66BA1A}.Release|Any CPU.ActiveCfg = Release|Any CPU
		{CB281CE5-306F-40A2-A152-F2A01D66BA1A}.Release|Any CPU.Build.0 = Release|Any CPU
		{5E88430A-B078-4606-948E-590DFBEB8C69}.Debug|Any CPU.ActiveCfg = Debug|Any CPU
		{5E88430A-B078-4606-948E-590DFBEB8C69}.Debug|Any CPU.Build.0 = Debug|Any CPU
		{5E88430A-B078-4606-948E-590DFBEB8C69}.Release|Any CPU.ActiveCfg = Release|Any CPU
		{5E88430A-B078-4606-948E-590DFBEB8C69}.Release|Any CPU.Build.0 = Release|Any CPU
		{67B535AA-F75E-46AC-B68D-AB5BA01CC742}.Debug|Any CPU.ActiveCfg = Debug|Any CPU
		{67B535AA-F75E-46AC-B68D-AB5BA01CC742}.Debug|Any CPU.Build.0 = Debug|Any CPU
		{67B535AA-F75E-46AC-B68D-AB5BA01CC742}.Release|Any CPU.ActiveCfg = Release|Any CPU
		{67B535AA-F75E-46AC-B68D-AB5BA01CC742}.Release|Any CPU.Build.0 = Release|Any CPU
		{88AD2329-ACE8-4596-BA85-D27E5C7274A1}.Debug|Any CPU.ActiveCfg = Debug|Any CPU
		{88AD2329-ACE8-4596-BA85-D27E5C7274A1}.Debug|Any CPU.Build.0 = Debug|Any CPU
		{88AD2329-ACE8-4596-BA85-D27E5C7274A1}.Release|Any CPU.ActiveCfg = Release|Any CPU
		{88AD2329-ACE8-4596-BA85-D27E5C7274A1}.Release|Any CPU.Build.0 = Release|Any CPU
		{A53C1E70-D2F0-4BCD-A04C-9ED378469E09}.Debug|Any CPU.ActiveCfg = Debug|Any CPU
		{A53C1E70-D2F0-4BCD-A04C-9ED378469E09}.Debug|Any CPU.Build.0 = Debug|Any CPU
		{A53C1E70-D2F0-4BCD-A04C-9ED378469E09}.Release|Any CPU.ActiveCfg = Release|Any CPU
		{A53C1E70-D2F0-4BCD-A04C-9ED378469E09}.Release|Any CPU.Build.0 = Release|Any CPU
		{2EF7B898-DFC1-47E5-9FD9-AE59F373D814}.Debug|Any CPU.ActiveCfg = Debug|Any CPU
		{2EF7B898-DFC1-47E5-9FD9-AE59F373D814}.Debug|Any CPU.Build.0 = Debug|Any CPU
		{2EF7B898-DFC1-47E5-9FD9-AE59F373D814}.Release|Any CPU.ActiveCfg = Release|Any CPU
		{2EF7B898-DFC1-47E5-9FD9-AE59F373D814}.Release|Any CPU.Build.0 = Release|Any CPU
		{41EAC389-7CB2-4A39-B4AF-4D482965C3DE}.Debug|Any CPU.ActiveCfg = Debug|Any CPU
		{41EAC389-7CB2-4A39-B4AF-4D482965C3DE}.Debug|Any CPU.Build.0 = Debug|Any CPU
		{41EAC389-7CB2-4A39-B4AF-4D482965C3DE}.Release|Any CPU.ActiveCfg = Release|Any CPU
		{41EAC389-7CB2-4A39-B4AF-4D482965C3DE}.Release|Any CPU.Build.0 = Release|Any CPU
		{8AFC236E-5E12-4A9F-8B10-366B4D184C5E}.Debug|Any CPU.ActiveCfg = Debug|Any CPU
		{8AFC236E-5E12-4A9F-8B10-366B4D184C5E}.Debug|Any CPU.Build.0 = Debug|Any CPU
		{8AFC236E-5E12-4A9F-8B10-366B4D184C5E}.Release|Any CPU.ActiveCfg = Release|Any CPU
		{8AFC236E-5E12-4A9F-8B10-366B4D184C5E}.Release|Any CPU.Build.0 = Release|Any CPU
		{8EA7B3DC-6AF1-4C14-BCFC-EE1E17D92A94}.Debug|Any CPU.ActiveCfg = Debug|Any CPU
		{8EA7B3DC-6AF1-4C14-BCFC-EE1E17D92A94}.Debug|Any CPU.Build.0 = Debug|Any CPU
		{8EA7B3DC-6AF1-4C14-BCFC-EE1E17D92A94}.Release|Any CPU.ActiveCfg = Release|Any CPU
		{8EA7B3DC-6AF1-4C14-BCFC-EE1E17D92A94}.Release|Any CPU.Build.0 = Release|Any CPU
		{9E93EEF5-2A07-4B18-9ABB-11B50E9E60DB}.Debug|Any CPU.ActiveCfg = Debug|Any CPU
		{9E93EEF5-2A07-4B18-9ABB-11B50E9E60DB}.Debug|Any CPU.Build.0 = Debug|Any CPU
		{9E93EEF5-2A07-4B18-9ABB-11B50E9E60DB}.Release|Any CPU.ActiveCfg = Release|Any CPU
		{9E93EEF5-2A07-4B18-9ABB-11B50E9E60DB}.Release|Any CPU.Build.0 = Release|Any CPU
		{1B73FCEF-3B91-476A-AFBD-B069A52A9E5C}.Debug|Any CPU.ActiveCfg = Debug|Any CPU
		{1B73FCEF-3B91-476A-AFBD-B069A52A9E5C}.Debug|Any CPU.Build.0 = Debug|Any CPU
		{1B73FCEF-3B91-476A-AFBD-B069A52A9E5C}.Release|Any CPU.ActiveCfg = Release|Any CPU
		{1B73FCEF-3B91-476A-AFBD-B069A52A9E5C}.Release|Any CPU.Build.0 = Release|Any CPU
		{52D8B5F9-DADE-4383-A833-BFA5088B02E1}.Debug|Any CPU.ActiveCfg = Debug|Any CPU
		{52D8B5F9-DADE-4383-A833-BFA5088B02E1}.Debug|Any CPU.Build.0 = Debug|Any CPU
		{52D8B5F9-DADE-4383-A833-BFA5088B02E1}.Release|Any CPU.ActiveCfg = Release|Any CPU
		{52D8B5F9-DADE-4383-A833-BFA5088B02E1}.Release|Any CPU.Build.0 = Release|Any CPU
		{70235695-AD23-40C6-BC47-B238D7D3085C}.Debug|Any CPU.ActiveCfg = Debug|Any CPU
		{70235695-AD23-40C6-BC47-B238D7D3085C}.Debug|Any CPU.Build.0 = Debug|Any CPU
		{70235695-AD23-40C6-BC47-B238D7D3085C}.Release|Any CPU.ActiveCfg = Release|Any CPU
		{70235695-AD23-40C6-BC47-B238D7D3085C}.Release|Any CPU.Build.0 = Release|Any CPU
		{34DAD651-9A39-4F05-B9C3-AC43CF80406D}.Debug|Any CPU.ActiveCfg = Debug|Any CPU
		{34DAD651-9A39-4F05-B9C3-AC43CF80406D}.Debug|Any CPU.Build.0 = Debug|Any CPU
		{34DAD651-9A39-4F05-B9C3-AC43CF80406D}.Release|Any CPU.ActiveCfg = Release|Any CPU
		{34DAD651-9A39-4F05-B9C3-AC43CF80406D}.Release|Any CPU.Build.0 = Release|Any CPU
		{6416ACF5-FAAA-4D99-A82D-F9EA61D13161}.Debug|Any CPU.ActiveCfg = Debug|Any CPU
		{6416ACF5-FAAA-4D99-A82D-F9EA61D13161}.Debug|Any CPU.Build.0 = Debug|Any CPU
		{6416ACF5-FAAA-4D99-A82D-F9EA61D13161}.Release|Any CPU.ActiveCfg = Release|Any CPU
		{6416ACF5-FAAA-4D99-A82D-F9EA61D13161}.Release|Any CPU.Build.0 = Release|Any CPU
	EndGlobalSection
	GlobalSection(SolutionProperties) = preSolution
		HideSolutionNode = FALSE
	EndGlobalSection
	GlobalSection(NestedProjects) = preSolution
		{E72E4BF5-8DDF-477C-8D97-7FBC94EB680D} = {2AC5ED4F-4799-4938-B198-BE6747F81BC6}
		{797F05E1-72F7-4F85-94C4-7F40DD8BF68E} = {2AC5ED4F-4799-4938-B198-BE6747F81BC6}
		{3ECBE4C5-1D33-43DA-A46A-3E51D4584FE6} = {2AC5ED4F-4799-4938-B198-BE6747F81BC6}
		{DD8583C3-B579-4499-A6E5-BCB3084EB2E3} = {D80D071E-82A3-4FB7-AAEF-0D726AFB1A91}
		{796E0488-821C-42CE-976F-83BF755F563D} = {D80D071E-82A3-4FB7-AAEF-0D726AFB1A91}
		{C05850F1-E396-4655-9E86-F2EA51AE198F} = {D80D071E-82A3-4FB7-AAEF-0D726AFB1A91}
		{7A06AC31-4A50-4764-A817-D863E4D1BD3C} = {AD722E1D-8291-4BB6-BB3E-D005AA6CDD8E}
		{B81735B7-BD5F-4390-BF93-121D8BF710A4} = {AD722E1D-8291-4BB6-BB3E-D005AA6CDD8E}
		{A68CDF4F-DD4D-4A95-9A58-FA2E1D309036} = {AD722E1D-8291-4BB6-BB3E-D005AA6CDD8E}
		{CB281CE5-306F-40A2-A152-F2A01D66BA1A} = {5FC110A2-7C0F-4EF6-8B12-9EF537E07D1B}
		{5E88430A-B078-4606-948E-590DFBEB8C69} = {5FC110A2-7C0F-4EF6-8B12-9EF537E07D1B}
		{67B535AA-F75E-46AC-B68D-AB5BA01CC742} = {5FC110A2-7C0F-4EF6-8B12-9EF537E07D1B}
		{88AD2329-ACE8-4596-BA85-D27E5C7274A1} = {18321AA1-BA48-4A5F-A934-C7E0B51066C7}
		{A53C1E70-D2F0-4BCD-A04C-9ED378469E09} = {18321AA1-BA48-4A5F-A934-C7E0B51066C7}
		{2EF7B898-DFC1-47E5-9FD9-AE59F373D814} = {18321AA1-BA48-4A5F-A934-C7E0B51066C7}
		{41EAC389-7CB2-4A39-B4AF-4D482965C3DE} = {E2D34E74-3BA5-4D24-A24D-149A186FC6AF}
		{8AFC236E-5E12-4A9F-8B10-366B4D184C5E} = {E2D34E74-3BA5-4D24-A24D-149A186FC6AF}
		{8EA7B3DC-6AF1-4C14-BCFC-EE1E17D92A94} = {E2D34E74-3BA5-4D24-A24D-149A186FC6AF}
		{9E93EEF5-2A07-4B18-9ABB-11B50E9E60DB} = {D3A2368A-0D38-436D-BC36-AFFD32DE425F}
		{1B73FCEF-3B91-476A-AFBD-B069A52A9E5C} = {D3A2368A-0D38-436D-BC36-AFFD32DE425F}
		{52D8B5F9-DADE-4383-A833-BFA5088B02E1} = {D3A2368A-0D38-436D-BC36-AFFD32DE425F}
		{70235695-AD23-40C6-BC47-B238D7D3085C} = {A881B2E6-F475-49C9-92F6-4FBFD8B0715D}
		{34DAD651-9A39-4F05-B9C3-AC43CF80406D} = {A881B2E6-F475-49C9-92F6-4FBFD8B0715D}
		{6416ACF5-FAAA-4D99-A82D-F9EA61D13161} = {A881B2E6-F475-49C9-92F6-4FBFD8B0715D}
	EndGlobalSection
	GlobalSection(ExtensibilityGlobals) = postSolution
		SolutionGuid = {3249976C-3C61-4A1B-AFDF-F0D174266E90}
	EndGlobalSection
EndGlobal
